
Microsoft Visual Studio Solution File, Format Version 12.00
# Visual Studio Version 16
VisualStudioVersion = 16.0.28803.156
MinimumVisualStudioVersion = 10.0.40219.1
Project("{8BC9CEB8-8B4A-11D0-8D11-00A0C91BC942}") = "Sandbox", "Sandbox\Sandbox.vcxproj", "{83F38D3D-2B63-4B1B-98C0-6FF712EFFB5C}"
EndProject
Project("{8BC9CEB8-8B4A-11D0-8D11-00A0C91BC942}") = "Hazel", "Hazel.vcxproj", "{AB75BE18-62CE-4B7E-8DF6-1ADF902F1FA3}"
EndProject
Global
	GlobalSection(SolutionConfigurationPlatforms) = preSolution
		Debug|x64 = Debug|x64
		Release|x64 = Release|x64
	EndGlobalSection
	GlobalSection(ProjectConfigurationPlatforms) = postSolution
		{AB75BE18-62CE-4B7E-8DF6-1ADF902F1FA3}.Debug|x64.ActiveCfg = Debug|x64
		{AB75BE18-62CE-4B7E-8DF6-1ADF902F1FA3}.Debug|x64.Build.0 = Debug|x64
		{AB75BE18-62CE-4B7E-8DF6-1ADF902F1FA3}.Release|x64.ActiveCfg = Release|x64
		{AB75BE18-62CE-4B7E-8DF6-1ADF902F1FA3}.Release|x64.Build.0 = Release|x64
		{83F38D3D-2B63-4B1B-98C0-6FF712EFFB5C}.Debug|x64.ActiveCfg = Debug|x64
		{83F38D3D-2B63-4B1B-98C0-6FF712EFFB5C}.Debug|x64.Build.0 = Debug|x64
		{83F38D3D-2B63-4B1B-98C0-6FF712EFFB5C}.Release|x64.ActiveCfg = Release|x64
		{83F38D3D-2B63-4B1B-98C0-6FF712EFFB5C}.Release|x64.Build.0 = Release|x64
	EndGlobalSection
	GlobalSection(SolutionProperties) = preSolution
		HideSolutionNode = FALSE
	EndGlobalSection
	GlobalSection(ExtensibilityGlobals) = postSolution
		SolutionGuid = {2DA4F225-1B37-4229-9A54-1037F3263684}
	EndGlobalSection
EndGlobal
